// !$*UTF8*$!
{
	archiveVersion = 1;
	classes = {
	};
	objectVersion = 46;
	objects = {

/* Begin PBXBuildFile section */
		1818D82C174D146F00136FD2 /* UIKit.framework in Frameworks */ = {isa = PBXBuildFile; fileRef = 1818D82B174D146F00136FD2 /* UIKit.framework */; };
		1818D82E174D146F00136FD2 /* Foundation.framework in Frameworks */ = {isa = PBXBuildFile; fileRef = 1818D82D174D146F00136FD2 /* Foundation.framework */; };
		1818D830174D146F00136FD2 /* CoreGraphics.framework in Frameworks */ = {isa = PBXBuildFile; fileRef = 1818D82F174D146F00136FD2 /* CoreGraphics.framework */; };
		1818D836174D146F00136FD2 /* InfoPlist.strings in Resources */ = {isa = PBXBuildFile; fileRef = 1818D834174D146F00136FD2 /* InfoPlist.strings */; };
		1818D838174D146F00136FD2 /* main.m in Sources */ = {isa = PBXBuildFile; fileRef = 1818D837174D146F00136FD2 /* main.m */; };
		1818D83C174D146F00136FD2 /* PPAppDelegate.m in Sources */ = {isa = PBXBuildFile; fileRef = 1818D83B174D146F00136FD2 /* PPAppDelegate.m */; };
		1818D83E174D146F00136FD2 /* Default.png in Resources */ = {isa = PBXBuildFile; fileRef = 1818D83D174D146F00136FD2 /* Default.png */; };
		1818D840174D146F00136FD2 /* Default@2x.png in Resources */ = {isa = PBXBuildFile; fileRef = 1818D83F174D146F00136FD2 /* Default@2x.png */; };
		1818D842174D146F00136FD2 /* Default-568h@2x.png in Resources */ = {isa = PBXBuildFile; fileRef = 1818D841174D146F00136FD2 /* Default-568h@2x.png */; };
		1818D854174D14DB00136FD2 /* PPRootViewController.m in Sources */ = {isa = PBXBuildFile; fileRef = 1818D852174D14DB00136FD2 /* PPRootViewController.m */; };
		1818D855174D14DB00136FD2 /* PPRootViewController.xib in Resources */ = {isa = PBXBuildFile; fileRef = 1818D853174D14DB00136FD2 /* PPRootViewController.xib */; };
		1818D862174E17A500136FD2 /* AVFoundation.framework in Frameworks */ = {isa = PBXBuildFile; fileRef = 1818D860174E179E00136FD2 /* AVFoundation.framework */; };
		1818D865174E17B800136FD2 /* AudioToolbox.framework in Frameworks */ = {isa = PBXBuildFile; fileRef = 1818D863174E17AA00136FD2 /* AudioToolbox.framework */; };
		1818D868174E1B8800136FD2 /* CoreMedia.framework in Frameworks */ = {isa = PBXBuildFile; fileRef = 1818D866174E1B7E00136FD2 /* CoreMedia.framework */; };
		1818D86B174E208300136FD2 /* CoreVideo.framework in Frameworks */ = {isa = PBXBuildFile; fileRef = 1818D869174E1B8F00136FD2 /* CoreVideo.framework */; };
		1818D86D174E209400136FD2 /* libstdc++.dylib in Frameworks */ = {isa = PBXBuildFile; fileRef = 1818D86C174E209400136FD2 /* libstdc++.dylib */; };
		1818D870174E20B000136FD2 /* libiconv.dylib in Frameworks */ = {isa = PBXBuildFile; fileRef = 1818D86E174E20A800136FD2 /* libiconv.dylib */; };
		1818D873174E213D00136FD2 /* OpenGLES.framework in Frameworks */ = {isa = PBXBuildFile; fileRef = 1818D871174E213500136FD2 /* OpenGLES.framework */; };
		1818D876174E218F00136FD2 /* QuartzCore.framework in Frameworks */ = {isa = PBXBuildFile; fileRef = 1818D874174E218300136FD2 /* QuartzCore.framework */; };
		18A515A1179EC3F000D59831 /* pdf417.framework in Frameworks */ = {isa = PBXBuildFile; fileRef = 18A5159C179EC3F000D59831 /* pdf417.framework */; };
		18A515A2179EC3F000D59831 /* de.strings in Resources */ = {isa = PBXBuildFile; fileRef = 18A5159E179EC3F000D59831 /* de.strings */; };
		18A515A3179EC3F000D59831 /* en.strings in Resources */ = {isa = PBXBuildFile; fileRef = 18A5159F179EC3F000D59831 /* en.strings */; };
		18A515A4179EC3F000D59831 /* hr.strings in Resources */ = {isa = PBXBuildFile; fileRef = 18A515A0179EC3F000D59831 /* hr.strings */; };
/* End PBXBuildFile section */

/* Begin PBXFileReference section */
		1818D828174D146F00136FD2 /* pdf417-sample.app */ = {isa = PBXFileReference; explicitFileType = wrapper.application; includeInIndex = 0; path = "pdf417-sample.app"; sourceTree = BUILT_PRODUCTS_DIR; };
		1818D82B174D146F00136FD2 /* UIKit.framework */ = {isa = PBXFileReference; lastKnownFileType = wrapper.framework; name = UIKit.framework; path = System/Library/Frameworks/UIKit.framework; sourceTree = SDKROOT; };
		1818D82D174D146F00136FD2 /* Foundation.framework */ = {isa = PBXFileReference; lastKnownFileType = wrapper.framework; name = Foundation.framework; path = System/Library/Frameworks/Foundation.framework; sourceTree = SDKROOT; };
		1818D82F174D146F00136FD2 /* CoreGraphics.framework */ = {isa = PBXFileReference; lastKnownFileType = wrapper.framework; name = CoreGraphics.framework; path = System/Library/Frameworks/CoreGraphics.framework; sourceTree = SDKROOT; };
		1818D833174D146F00136FD2 /* pdf417-sample-Info.plist */ = {isa = PBXFileReference; lastKnownFileType = text.plist.xml; path = "pdf417-sample-Info.plist"; sourceTree = "<group>"; };
		1818D835174D146F00136FD2 /* en */ = {isa = PBXFileReference; lastKnownFileType = text.plist.strings; name = en; path = en.lproj/InfoPlist.strings; sourceTree = "<group>"; };
		1818D837174D146F00136FD2 /* main.m */ = {isa = PBXFileReference; lastKnownFileType = sourcecode.c.objc; path = main.m; sourceTree = "<group>"; };
		1818D839174D146F00136FD2 /* pdf417-sample-Prefix.pch */ = {isa = PBXFileReference; lastKnownFileType = sourcecode.c.h; path = "pdf417-sample-Prefix.pch"; sourceTree = "<group>"; };
		1818D83A174D146F00136FD2 /* PPAppDelegate.h */ = {isa = PBXFileReference; lastKnownFileType = sourcecode.c.h; path = PPAppDelegate.h; sourceTree = "<group>"; };
		1818D83B174D146F00136FD2 /* PPAppDelegate.m */ = {isa = PBXFileReference; lastKnownFileType = sourcecode.c.objc; path = PPAppDelegate.m; sourceTree = "<group>"; };
		1818D83D174D146F00136FD2 /* Default.png */ = {isa = PBXFileReference; lastKnownFileType = image.png; path = Default.png; sourceTree = "<group>"; };
		1818D83F174D146F00136FD2 /* Default@2x.png */ = {isa = PBXFileReference; lastKnownFileType = image.png; path = "Default@2x.png"; sourceTree = "<group>"; };
		1818D841174D146F00136FD2 /* Default-568h@2x.png */ = {isa = PBXFileReference; lastKnownFileType = image.png; path = "Default-568h@2x.png"; sourceTree = "<group>"; };
		1818D851174D14DB00136FD2 /* PPRootViewController.h */ = {isa = PBXFileReference; fileEncoding = 4; lastKnownFileType = sourcecode.c.h; path = PPRootViewController.h; sourceTree = "<group>"; };
		1818D852174D14DB00136FD2 /* PPRootViewController.m */ = {isa = PBXFileReference; fileEncoding = 4; lastKnownFileType = sourcecode.c.objc; path = PPRootViewController.m; sourceTree = "<group>"; };
		1818D853174D14DB00136FD2 /* PPRootViewController.xib */ = {isa = PBXFileReference; fileEncoding = 4; lastKnownFileType = file.xib; path = PPRootViewController.xib; sourceTree = "<group>"; };
		1818D860174E179E00136FD2 /* AVFoundation.framework */ = {isa = PBXFileReference; lastKnownFileType = wrapper.framework; name = AVFoundation.framework; path = System/Library/Frameworks/AVFoundation.framework; sourceTree = SDKROOT; };
		1818D863174E17AA00136FD2 /* AudioToolbox.framework */ = {isa = PBXFileReference; lastKnownFileType = wrapper.framework; name = AudioToolbox.framework; path = System/Library/Frameworks/AudioToolbox.framework; sourceTree = SDKROOT; };
		1818D866174E1B7E00136FD2 /* CoreMedia.framework */ = {isa = PBXFileReference; lastKnownFileType = wrapper.framework; name = CoreMedia.framework; path = System/Library/Frameworks/CoreMedia.framework; sourceTree = SDKROOT; };
		1818D869174E1B8F00136FD2 /* CoreVideo.framework */ = {isa = PBXFileReference; lastKnownFileType = wrapper.framework; name = CoreVideo.framework; path = System/Library/Frameworks/CoreVideo.framework; sourceTree = SDKROOT; };
		1818D86C174E209400136FD2 /* libstdc++.dylib */ = {isa = PBXFileReference; lastKnownFileType = "compiled.mach-o.dylib"; name = "libstdc++.dylib"; path = "usr/lib/libstdc++.dylib"; sourceTree = SDKROOT; };
		1818D86E174E20A800136FD2 /* libiconv.dylib */ = {isa = PBXFileReference; lastKnownFileType = "compiled.mach-o.dylib"; name = libiconv.dylib; path = usr/lib/libiconv.dylib; sourceTree = SDKROOT; };
		1818D871174E213500136FD2 /* OpenGLES.framework */ = {isa = PBXFileReference; lastKnownFileType = wrapper.framework; name = OpenGLES.framework; path = System/Library/Frameworks/OpenGLES.framework; sourceTree = SDKROOT; };
		1818D874174E218300136FD2 /* QuartzCore.framework */ = {isa = PBXFileReference; lastKnownFileType = wrapper.framework; name = QuartzCore.framework; path = System/Library/Frameworks/QuartzCore.framework; sourceTree = SDKROOT; };
		18A5159C179EC3F000D59831 /* pdf417.framework */ = {isa = PBXFileReference; lastKnownFileType = wrapper.framework; path = pdf417.framework; sourceTree = "<group>"; };
		18A5159E179EC3F000D59831 /* de.strings */ = {isa = PBXFileReference; fileEncoding = 4; lastKnownFileType = text.plist.strings; path = de.strings; sourceTree = "<group>"; };
		18A5159F179EC3F000D59831 /* en.strings */ = {isa = PBXFileReference; fileEncoding = 4; lastKnownFileType = text.plist.strings; path = en.strings; sourceTree = "<group>"; };
		18A515A0179EC3F000D59831 /* hr.strings */ = {isa = PBXFileReference; fileEncoding = 4; lastKnownFileType = text.plist.strings; path = hr.strings; sourceTree = "<group>"; };
/* End PBXFileReference section */

/* Begin PBXFrameworksBuildPhase section */
		1818D825174D146F00136FD2 /* Frameworks */ = {
			isa = PBXFrameworksBuildPhase;
			buildActionMask = 2147483647;
			files = (
				1818D876174E218F00136FD2 /* QuartzCore.framework in Frameworks */,
				1818D870174E20B000136FD2 /* libiconv.dylib in Frameworks */,
				1818D86D174E209400136FD2 /* libstdc++.dylib in Frameworks */,
				1818D86B174E208300136FD2 /* CoreVideo.framework in Frameworks */,
				1818D868174E1B8800136FD2 /* CoreMedia.framework in Frameworks */,
				1818D873174E213D00136FD2 /* OpenGLES.framework in Frameworks */,
				1818D865174E17B800136FD2 /* AudioToolbox.framework in Frameworks */,
				1818D862174E17A500136FD2 /* AVFoundation.framework in Frameworks */,
				1818D82C174D146F00136FD2 /* UIKit.framework in Frameworks */,
				1818D82E174D146F00136FD2 /* Foundation.framework in Frameworks */,
				1818D830174D146F00136FD2 /* CoreGraphics.framework in Frameworks */,
				18A515A1179EC3F000D59831 /* pdf417.framework in Frameworks */,
			);
			runOnlyForDeploymentPostprocessing = 0;
		};
/* End PBXFrameworksBuildPhase section */

/* Begin PBXGroup section */
		1818D81F174D146F00136FD2 = {
			isa = PBXGroup;
			children = (
				1818D831174D146F00136FD2 /* pdf417-sample */,
				1818D82A174D146F00136FD2 /* Frameworks */,
				1818D829174D146F00136FD2 /* Products */,
				1818D82B174D146F00136FD2 /* UIKit.framework */,
			);
			sourceTree = "<group>";
		};
		1818D829174D146F00136FD2 /* Products */ = {
			isa = PBXGroup;
			children = (
				1818D828174D146F00136FD2 /* pdf417-sample.app */,
			);
			name = Products;
			sourceTree = "<group>";
		};
		1818D82A174D146F00136FD2 /* Frameworks */ = {
			isa = PBXGroup;
			children = (
				1818D86C174E209400136FD2 /* libstdc++.dylib */,
				1818D86E174E20A800136FD2 /* libiconv.dylib */,
				18A5159B179EC3F000D59831 /* pdf417.embeddedframework */,
				1818D863174E17AA00136FD2 /* AudioToolbox.framework */,
				1818D860174E179E00136FD2 /* AVFoundation.framework */,
				1818D869174E1B8F00136FD2 /* CoreVideo.framework */,
				1818D874174E218300136FD2 /* QuartzCore.framework */,
				1818D866174E1B7E00136FD2 /* CoreMedia.framework */,
				1818D871174E213500136FD2 /* OpenGLES.framework */,
				1818D82D174D146F00136FD2 /* Foundation.framework */,
				1818D82F174D146F00136FD2 /* CoreGraphics.framework */,
			);
			name = Frameworks;
			sourceTree = "<group>";
		};
		1818D831174D146F00136FD2 /* pdf417-sample */ = {
			isa = PBXGroup;
			children = (
				1818D83A174D146F00136FD2 /* PPAppDelegate.h */,
				1818D83B174D146F00136FD2 /* PPAppDelegate.m */,
				1818D851174D14DB00136FD2 /* PPRootViewController.h */,
				1818D852174D14DB00136FD2 /* PPRootViewController.m */,
				1818D853174D14DB00136FD2 /* PPRootViewController.xib */,
				1818D832174D146F00136FD2 /* Supporting Files */,
			);
			path = "pdf417-sample";
			sourceTree = "<group>";
		};
		1818D832174D146F00136FD2 /* Supporting Files */ = {
			isa = PBXGroup;
			children = (
				1818D833174D146F00136FD2 /* pdf417-sample-Info.plist */,
				1818D834174D146F00136FD2 /* InfoPlist.strings */,
				1818D837174D146F00136FD2 /* main.m */,
				1818D839174D146F00136FD2 /* pdf417-sample-Prefix.pch */,
				1818D83D174D146F00136FD2 /* Default.png */,
				1818D83F174D146F00136FD2 /* Default@2x.png */,
				1818D841174D146F00136FD2 /* Default-568h@2x.png */,
			);
			name = "Supporting Files";
			sourceTree = "<group>";
		};
		18A5159B179EC3F000D59831 /* pdf417.embeddedframework */ = {
			isa = PBXGroup;
			children = (
				18A5159C179EC3F000D59831 /* pdf417.framework */,
				18A5159D179EC3F000D59831 /* Resources */,
			);
			name = pdf417.embeddedframework;
			path = ../pdf417.embeddedframework;
			sourceTree = "<group>";
		};
		18A5159D179EC3F000D59831 /* Resources */ = {
			isa = PBXGroup;
			children = (
				18A5159E179EC3F000D59831 /* de.strings */,
				18A5159F179EC3F000D59831 /* en.strings */,
				18A515A0179EC3F000D59831 /* hr.strings */,
			);
			path = Resources;
			sourceTree = "<group>";
		};
/* End PBXGroup section */

/* Begin PBXNativeTarget section */
		1818D827174D146F00136FD2 /* pdf417-sample */ = {
			isa = PBXNativeTarget;
			buildConfigurationList = 1818D84E174D146F00136FD2 /* Build configuration list for PBXNativeTarget "pdf417-sample" */;
			buildPhases = (
				1818D824174D146F00136FD2 /* Sources */,
				1818D825174D146F00136FD2 /* Frameworks */,
				1818D826174D146F00136FD2 /* Resources */,
			);
			buildRules = (
			);
			dependencies = (
			);
			name = "pdf417-sample";
			productName = "pdf417-sample";
			productReference = 1818D828174D146F00136FD2 /* pdf417-sample.app */;
			productType = "com.apple.product-type.application";
		};
/* End PBXNativeTarget section */

/* Begin PBXProject section */
		1818D820174D146F00136FD2 /* Project object */ = {
			isa = PBXProject;
			attributes = {
				CLASSPREFIX = PP;
				LastUpgradeCheck = 0460;
				ORGANIZATIONNAME = PhotoPay;
			};
			buildConfigurationList = 1818D823174D146F00136FD2 /* Build configuration list for PBXProject "pdf417-sample" */;
			compatibilityVersion = "Xcode 3.2";
			developmentRegion = English;
			hasScannedForEncodings = 0;
			knownRegions = (
				en,
			);
			mainGroup = 1818D81F174D146F00136FD2;
			productRefGroup = 1818D829174D146F00136FD2 /* Products */;
			projectDirPath = "";
			projectRoot = "";
			targets = (
				1818D827174D146F00136FD2 /* pdf417-sample */,
			);
		};
/* End PBXProject section */

/* Begin PBXResourcesBuildPhase section */
		1818D826174D146F00136FD2 /* Resources */ = {
			isa = PBXResourcesBuildPhase;
			buildActionMask = 2147483647;
			files = (
				1818D836174D146F00136FD2 /* InfoPlist.strings in Resources */,
				1818D83E174D146F00136FD2 /* Default.png in Resources */,
				1818D840174D146F00136FD2 /* Default@2x.png in Resources */,
				1818D842174D146F00136FD2 /* Default-568h@2x.png in Resources */,
				1818D855174D14DB00136FD2 /* PPRootViewController.xib in Resources */,
				18A515A2179EC3F000D59831 /* de.strings in Resources */,
				18A515A3179EC3F000D59831 /* en.strings in Resources */,
				18A515A4179EC3F000D59831 /* hr.strings in Resources */,
			);
			runOnlyForDeploymentPostprocessing = 0;
		};
/* End PBXResourcesBuildPhase section */

/* Begin PBXSourcesBuildPhase section */
		1818D824174D146F00136FD2 /* Sources */ = {
			isa = PBXSourcesBuildPhase;
			buildActionMask = 2147483647;
			files = (
				1818D838174D146F00136FD2 /* main.m in Sources */,
				1818D83C174D146F00136FD2 /* PPAppDelegate.m in Sources */,
				1818D854174D14DB00136FD2 /* PPRootViewController.m in Sources */,
			);
			runOnlyForDeploymentPostprocessing = 0;
		};
/* End PBXSourcesBuildPhase section */

/* Begin PBXVariantGroup section */
		1818D834174D146F00136FD2 /* InfoPlist.strings */ = {
			isa = PBXVariantGroup;
			children = (
				1818D835174D146F00136FD2 /* en */,
			);
			name = InfoPlist.strings;
			sourceTree = "<group>";
		};
/* End PBXVariantGroup section */

/* Begin XCBuildConfiguration section */
		1818D84C174D146F00136FD2 /* Debug */ = {
			isa = XCBuildConfiguration;
			buildSettings = {
				ALWAYS_SEARCH_USER_PATHS = NO;
				CLANG_CXX_LANGUAGE_STANDARD = "gnu++0x";
				CLANG_CXX_LIBRARY = "libc++";
				CLANG_ENABLE_OBJC_ARC = YES;
				CLANG_WARN_CONSTANT_CONVERSION = YES;
				CLANG_WARN_EMPTY_BODY = YES;
				CLANG_WARN_ENUM_CONVERSION = YES;
				CLANG_WARN_INT_CONVERSION = YES;
				CLANG_WARN__DUPLICATE_METHOD_MATCH = YES;
				CODE_SIGN_IDENTITY = "iPhone Developer";
				"CODE_SIGN_IDENTITY[sdk=iphoneos*]" = "iPhone Developer";
				COPY_PHASE_STRIP = NO;
				GCC_C_LANGUAGE_STANDARD = gnu99;
				GCC_DYNAMIC_NO_PIC = NO;
				GCC_OPTIMIZATION_LEVEL = 0;
				GCC_PREPROCESSOR_DEFINITIONS = (
					"DEBUG=1",
					"$(inherited)",
				);
				GCC_SYMBOLS_PRIVATE_EXTERN = NO;
				GCC_WARN_ABOUT_RETURN_TYPE = YES;
				GCC_WARN_UNINITIALIZED_AUTOS = YES;
				GCC_WARN_UNUSED_VARIABLE = YES;
				IPHONEOS_DEPLOYMENT_TARGET = 4.3;
				ONLY_ACTIVE_ARCH = YES;
				PROVISIONING_PROFILE = "";
				"PROVISIONING_PROFILE[sdk=iphoneos*]" = "";
				SDKROOT = iphoneos6.1;
				TARGETED_DEVICE_FAMILY = "1,2";
			};
			name = Debug;
		};
		1818D84D174D146F00136FD2 /* Release */ = {
			isa = XCBuildConfiguration;
			buildSettings = {
				ALWAYS_SEARCH_USER_PATHS = NO;
				CLANG_CXX_LANGUAGE_STANDARD = "gnu++0x";
				CLANG_CXX_LIBRARY = "libc++";
				CLANG_ENABLE_OBJC_ARC = YES;
				CLANG_WARN_CONSTANT_CONVERSION = YES;
				CLANG_WARN_EMPTY_BODY = YES;
				CLANG_WARN_ENUM_CONVERSION = YES;
				CLANG_WARN_INT_CONVERSION = YES;
				CLANG_WARN__DUPLICATE_METHOD_MATCH = YES;
				CODE_SIGN_IDENTITY = "iPhone Developer";
				"CODE_SIGN_IDENTITY[sdk=iphoneos*]" = "iPhone Developer";
				COPY_PHASE_STRIP = YES;
				GCC_C_LANGUAGE_STANDARD = gnu99;
				GCC_WARN_ABOUT_RETURN_TYPE = YES;
				GCC_WARN_UNINITIALIZED_AUTOS = YES;
				GCC_WARN_UNUSED_VARIABLE = YES;
				IPHONEOS_DEPLOYMENT_TARGET = 4.3;
				OTHER_CFLAGS = "-DNS_BLOCK_ASSERTIONS=1";
				PROVISIONING_PROFILE = "";
				"PROVISIONING_PROFILE[sdk=iphoneos*]" = "";
				SDKROOT = iphoneos6.1;
				TARGETED_DEVICE_FAMILY = "1,2";
				VALIDATE_PRODUCT = YES;
			};
			name = Release;
		};
		1818D84F174D146F00136FD2 /* Debug */ = {
			isa = XCBuildConfiguration;
			buildSettings = {
				ARCHS = (
					armv7,
					i386,
				);
				FRAMEWORK_SEARCH_PATHS = (
					"$(inherited)",
					"\"$(SRCROOT)/../pdf417.embeddedframework\"",
				);
				GCC_PRECOMPILE_PREFIX_HEADER = YES;
				GCC_PREFIX_HEADER = "pdf417-sample/pdf417-sample-Prefix.pch";
				INFOPLIST_FILE = "pdf417-sample/pdf417-sample-Info.plist";
				IPHONEOS_DEPLOYMENT_TARGET = 4.3;
				PRODUCT_NAME = "$(TARGET_NAME)";
				WRAPPER_EXTENSION = app;
			};
			name = Debug;
		};
		1818D850174D146F00136FD2 /* Release */ = {
			isa = XCBuildConfiguration;
			buildSettings = {
				ARCHS = (
					armv7,
					i386,
				);
				FRAMEWORK_SEARCH_PATHS = (
					"$(inherited)",
					"\"$(SRCROOT)/../pdf417.embeddedframework\"",
				);
				GCC_PRECOMPILE_PREFIX_HEADER = YES;
				GCC_PREFIX_HEADER = "pdf417-sample/pdf417-sample-Prefix.pch";
				INFOPLIST_FILE = "pdf417-sample/pdf417-sample-Info.plist";
				IPHONEOS_DEPLOYMENT_TARGET = 4.3;
				PRODUCT_NAME = "$(TARGET_NAME)";
				WRAPPER_EXTENSION = app;
			};
			name = Release;
		};
/* End XCBuildConfiguration section */

/* Begin XCConfigurationList section */
		1818D823174D146F00136FD2 /* Build configuration list for PBXProject "pdf417-sample" */ = {
			isa = XCConfigurationList;
			buildConfigurations = (
				1818D84C174D146F00136FD2 /* Debug */,
				1818D84D174D146F00136FD2 /* Release */,
			);
			defaultConfigurationIsVisible = 0;
			defaultConfigurationName = Release;
		};
		1818D84E174D146F00136FD2 /* Build configuration list for PBXNativeTarget "pdf417-sample" */ = {
			isa = XCConfigurationList;
			buildConfigurations = (
				1818D84F174D146F00136FD2 /* Debug */,
				1818D850174D146F00136FD2 /* Release */,
			);
			defaultConfigurationIsVisible = 0;
			defaultConfigurationName = Release;
		};
/* End XCConfigurationList section */
	};
	rootObject = 1818D820174D146F00136FD2 /* Project object */;
}
