// !$*UTF8*$!
{
	archiveVersion = 1;
	classes = {
	};
	objectVersion = 46;
	objects = {

/* Begin PBXBuildFile section */
		AD8AF15317FD99C100036931 /* PPScanningUtil.m in Sources */ = {isa = PBXBuildFile; fileRef = AD8AF15217FD99C100036931 /* PPScanningUtil.m */; };
		ADD54DC917FC58E000FFC4D0 /* PPScanningResult.m in Sources */ = {isa = PBXBuildFile; fileRef = ADD54DC817FC58E000FFC4D0 /* PPScanningResult.m */; };
		ADE4AD4217FC3C7E0095C19B /* Foundation.framework in Frameworks */ = {isa = PBXBuildFile; fileRef = ADE4AD4117FC3C7E0095C19B /* Foundation.framework */; };
		ADE4AD4417FC3C7E0095C19B /* CoreGraphics.framework in Frameworks */ = {isa = PBXBuildFile; fileRef = ADE4AD4317FC3C7E0095C19B /* CoreGraphics.framework */; };
		ADE4AD4617FC3C7E0095C19B /* UIKit.framework in Frameworks */ = {isa = PBXBuildFile; fileRef = ADE4AD4517FC3C7E0095C19B /* UIKit.framework */; };
		ADE4AD4C17FC3C7E0095C19B /* InfoPlist.strings in Resources */ = {isa = PBXBuildFile; fileRef = ADE4AD4A17FC3C7E0095C19B /* InfoPlist.strings */; };
		ADE4AD4E17FC3C7E0095C19B /* main.m in Sources */ = {isa = PBXBuildFile; fileRef = ADE4AD4D17FC3C7E0095C19B /* main.m */; };
		ADE4AD5217FC3C7E0095C19B /* PPAppDelegate.m in Sources */ = {isa = PBXBuildFile; fileRef = ADE4AD5117FC3C7E0095C19B /* PPAppDelegate.m */; };
		ADE4AD5B17FC3C7E0095C19B /* PPViewController.m in Sources */ = {isa = PBXBuildFile; fileRef = ADE4AD5A17FC3C7E0095C19B /* PPViewController.m */; };
		ADE4AD5D17FC3C7E0095C19B /* Images.xcassets in Resources */ = {isa = PBXBuildFile; fileRef = ADE4AD5C17FC3C7E0095C19B /* Images.xcassets */; };
		ADE4AD7B17FC40420095C19B /* PPView.xib in Resources */ = {isa = PBXBuildFile; fileRef = ADE4AD7A17FC40420095C19B /* PPView.xib */; };
/* End PBXBuildFile section */

/* Begin PBXFileReference section */
		AD8AF15117FD99C100036931 /* PPScanningUtil.h */ = {isa = PBXFileReference; fileEncoding = 4; lastKnownFileType = sourcecode.c.h; path = PPScanningUtil.h; sourceTree = "<group>"; };
		AD8AF15217FD99C100036931 /* PPScanningUtil.m */ = {isa = PBXFileReference; fileEncoding = 4; lastKnownFileType = sourcecode.c.objc; path = PPScanningUtil.m; sourceTree = "<group>"; };
		ADD54DC717FC526100FFC4D0 /* PPScanningResult.h */ = {isa = PBXFileReference; lastKnownFileType = sourcecode.c.h; path = PPScanningResult.h; sourceTree = "<group>"; };
		ADD54DC817FC58E000FFC4D0 /* PPScanningResult.m */ = {isa = PBXFileReference; fileEncoding = 4; lastKnownFileType = sourcecode.c.objc; path = PPScanningResult.m; sourceTree = "<group>"; };
		ADE4AD3E17FC3C7E0095C19B /* pdf417-interop-sample.app */ = {isa = PBXFileReference; explicitFileType = wrapper.application; includeInIndex = 0; path = "pdf417-interop-sample.app"; sourceTree = BUILT_PRODUCTS_DIR; };
		ADE4AD4117FC3C7E0095C19B /* Foundation.framework */ = {isa = PBXFileReference; lastKnownFileType = wrapper.framework; name = Foundation.framework; path = System/Library/Frameworks/Foundation.framework; sourceTree = SDKROOT; };
		ADE4AD4317FC3C7E0095C19B /* CoreGraphics.framework */ = {isa = PBXFileReference; lastKnownFileType = wrapper.framework; name = CoreGraphics.framework; path = System/Library/Frameworks/CoreGraphics.framework; sourceTree = SDKROOT; };
		ADE4AD4517FC3C7E0095C19B /* UIKit.framework */ = {isa = PBXFileReference; lastKnownFileType = wrapper.framework; name = UIKit.framework; path = System/Library/Frameworks/UIKit.framework; sourceTree = SDKROOT; };
		ADE4AD4917FC3C7E0095C19B /* pdf417-interop-sample-Info.plist */ = {isa = PBXFileReference; lastKnownFileType = text.plist.xml; path = "pdf417-interop-sample-Info.plist"; sourceTree = "<group>"; };
		ADE4AD4B17FC3C7E0095C19B /* en */ = {isa = PBXFileReference; lastKnownFileType = text.plist.strings; name = en; path = en.lproj/InfoPlist.strings; sourceTree = "<group>"; };
		ADE4AD4D17FC3C7E0095C19B /* main.m */ = {isa = PBXFileReference; lastKnownFileType = sourcecode.c.objc; path = main.m; sourceTree = "<group>"; };
		ADE4AD4F17FC3C7E0095C19B /* pdf417-interop-sample-Prefix.pch */ = {isa = PBXFileReference; lastKnownFileType = sourcecode.c.h; path = "pdf417-interop-sample-Prefix.pch"; sourceTree = "<group>"; };
		ADE4AD5017FC3C7E0095C19B /* PPAppDelegate.h */ = {isa = PBXFileReference; lastKnownFileType = sourcecode.c.h; path = PPAppDelegate.h; sourceTree = "<group>"; };
		ADE4AD5117FC3C7E0095C19B /* PPAppDelegate.m */ = {isa = PBXFileReference; lastKnownFileType = sourcecode.c.objc; path = PPAppDelegate.m; sourceTree = "<group>"; };
		ADE4AD5917FC3C7E0095C19B /* PPViewController.h */ = {isa = PBXFileReference; lastKnownFileType = sourcecode.c.h; path = PPViewController.h; sourceTree = "<group>"; };
		ADE4AD5A17FC3C7E0095C19B /* PPViewController.m */ = {isa = PBXFileReference; lastKnownFileType = sourcecode.c.objc; path = PPViewController.m; sourceTree = "<group>"; };
		ADE4AD5C17FC3C7E0095C19B /* Images.xcassets */ = {isa = PBXFileReference; lastKnownFileType = folder.assetcatalog; path = Images.xcassets; sourceTree = "<group>"; };
		ADE4AD6317FC3C7E0095C19B /* XCTest.framework */ = {isa = PBXFileReference; lastKnownFileType = wrapper.framework; name = XCTest.framework; path = Library/Frameworks/XCTest.framework; sourceTree = DEVELOPER_DIR; };
		ADE4AD7A17FC40420095C19B /* PPView.xib */ = {isa = PBXFileReference; fileEncoding = 4; lastKnownFileType = file.xib; path = PPView.xib; sourceTree = "<group>"; };
/* End PBXFileReference section */

/* Begin PBXFrameworksBuildPhase section */
		ADE4AD3B17FC3C7E0095C19B /* Frameworks */ = {
			isa = PBXFrameworksBuildPhase;
			buildActionMask = 2147483647;
			files = (
				ADE4AD4417FC3C7E0095C19B /* CoreGraphics.framework in Frameworks */,
				ADE4AD4617FC3C7E0095C19B /* UIKit.framework in Frameworks */,
				ADE4AD4217FC3C7E0095C19B /* Foundation.framework in Frameworks */,
			);
			runOnlyForDeploymentPostprocessing = 0;
		};
/* End PBXFrameworksBuildPhase section */

/* Begin PBXGroup section */
		ADE4AD3517FC3C7E0095C19B = {
			isa = PBXGroup;
			children = (
				ADE4AD4717FC3C7E0095C19B /* pdf417-interop-sample */,
				ADE4AD4017FC3C7E0095C19B /* Frameworks */,
				ADE4AD3F17FC3C7E0095C19B /* Products */,
			);
			sourceTree = "<group>";
		};
		ADE4AD3F17FC3C7E0095C19B /* Products */ = {
			isa = PBXGroup;
			children = (
				ADE4AD3E17FC3C7E0095C19B /* pdf417-interop-sample.app */,
			);
			name = Products;
			sourceTree = "<group>";
		};
		ADE4AD4017FC3C7E0095C19B /* Frameworks */ = {
			isa = PBXGroup;
			children = (
				ADE4AD4117FC3C7E0095C19B /* Foundation.framework */,
				ADE4AD4317FC3C7E0095C19B /* CoreGraphics.framework */,
				ADE4AD4517FC3C7E0095C19B /* UIKit.framework */,
				ADE4AD6317FC3C7E0095C19B /* XCTest.framework */,
			);
			name = Frameworks;
			sourceTree = "<group>";
		};
		ADE4AD4717FC3C7E0095C19B /* pdf417-interop-sample */ = {
			isa = PBXGroup;
			children = (
				ADE4AD5017FC3C7E0095C19B /* PPAppDelegate.h */,
				ADE4AD5117FC3C7E0095C19B /* PPAppDelegate.m */,
				ADE4AD5917FC3C7E0095C19B /* PPViewController.h */,
				ADE4AD5A17FC3C7E0095C19B /* PPViewController.m */,
				ADE4AD7A17FC40420095C19B /* PPView.xib */,
				ADE4AD5C17FC3C7E0095C19B /* Images.xcassets */,
				ADE4AD4817FC3C7E0095C19B /* Supporting Files */,
				ADD54DC717FC526100FFC4D0 /* PPScanningResult.h */,
				ADD54DC817FC58E000FFC4D0 /* PPScanningResult.m */,
				AD8AF15117FD99C100036931 /* PPScanningUtil.h */,
				AD8AF15217FD99C100036931 /* PPScanningUtil.m */,
			);
			path = "pdf417-interop-sample";
			sourceTree = "<group>";
		};
		ADE4AD4817FC3C7E0095C19B /* Supporting Files */ = {
			isa = PBXGroup;
			children = (
				ADE4AD4917FC3C7E0095C19B /* pdf417-interop-sample-Info.plist */,
				ADE4AD4A17FC3C7E0095C19B /* InfoPlist.strings */,
				ADE4AD4D17FC3C7E0095C19B /* main.m */,
				ADE4AD4F17FC3C7E0095C19B /* pdf417-interop-sample-Prefix.pch */,
			);
			name = "Supporting Files";
			sourceTree = "<group>";
		};
/* End PBXGroup section */

/* Begin PBXNativeTarget section */
		ADE4AD3D17FC3C7E0095C19B /* pdf417-interop-sample */ = {
			isa = PBXNativeTarget;
			buildConfigurationList = ADE4AD7317FC3C7E0095C19B /* Build configuration list for PBXNativeTarget "pdf417-interop-sample" */;
			buildPhases = (
				ADE4AD3A17FC3C7E0095C19B /* Sources */,
				ADE4AD3B17FC3C7E0095C19B /* Frameworks */,
				ADE4AD3C17FC3C7E0095C19B /* Resources */,
			);
			buildRules = (
			);
			dependencies = (
			);
			name = "pdf417-interop-sample";
			productName = "pdf417-interop-sample";
			productReference = ADE4AD3E17FC3C7E0095C19B /* pdf417-interop-sample.app */;
			productType = "com.apple.product-type.application";
		};
/* End PBXNativeTarget section */

/* Begin PBXProject section */
		ADE4AD3617FC3C7E0095C19B /* Project object */ = {
			isa = PBXProject;
			attributes = {
				CLASSPREFIX = PP;
				LastUpgradeCheck = 0500;
				ORGANIZATIONNAME = PhotoPay;
			};
			buildConfigurationList = ADE4AD3917FC3C7E0095C19B /* Build configuration list for PBXProject "pdf417-interop-sample" */;
			compatibilityVersion = "Xcode 3.2";
			developmentRegion = English;
			hasScannedForEncodings = 0;
			knownRegions = (
				en,
				Base,
			);
			mainGroup = ADE4AD3517FC3C7E0095C19B;
			productRefGroup = ADE4AD3F17FC3C7E0095C19B /* Products */;
			projectDirPath = "";
			projectRoot = "";
			targets = (
				ADE4AD3D17FC3C7E0095C19B /* pdf417-interop-sample */,
			);
		};
/* End PBXProject section */

/* Begin PBXResourcesBuildPhase section */
		ADE4AD3C17FC3C7E0095C19B /* Resources */ = {
			isa = PBXResourcesBuildPhase;
			buildActionMask = 2147483647;
			files = (
				ADE4AD5D17FC3C7E0095C19B /* Images.xcassets in Resources */,
				ADE4AD7B17FC40420095C19B /* PPView.xib in Resources */,
				ADE4AD4C17FC3C7E0095C19B /* InfoPlist.strings in Resources */,
			);
			runOnlyForDeploymentPostprocessing = 0;
		};
/* End PBXResourcesBuildPhase section */

/* Begin PBXSourcesBuildPhase section */
		ADE4AD3A17FC3C7E0095C19B /* Sources */ = {
			isa = PBXSourcesBuildPhase;
			buildActionMask = 2147483647;
			files = (
				ADE4AD5217FC3C7E0095C19B /* PPAppDelegate.m in Sources */,
				ADD54DC917FC58E000FFC4D0 /* PPScanningResult.m in Sources */,
				AD8AF15317FD99C100036931 /* PPScanningUtil.m in Sources */,
				ADE4AD5B17FC3C7E0095C19B /* PPViewController.m in Sources */,
				ADE4AD4E17FC3C7E0095C19B /* main.m in Sources */,
			);
			runOnlyForDeploymentPostprocessing = 0;
		};
/* End PBXSourcesBuildPhase section */

/* Begin PBXVariantGroup section */
		ADE4AD4A17FC3C7E0095C19B /* InfoPlist.strings */ = {
			isa = PBXVariantGroup;
			children = (
				ADE4AD4B17FC3C7E0095C19B /* en */,
			);
			name = InfoPlist.strings;
			sourceTree = "<group>";
		};
/* End PBXVariantGroup section */

/* Begin XCBuildConfiguration section */
		ADE4AD7117FC3C7E0095C19B /* Debug */ = {
			isa = XCBuildConfiguration;
			buildSettings = {
				ALWAYS_SEARCH_USER_PATHS = NO;
				CLANG_CXX_LANGUAGE_STANDARD = "gnu++0x";
				CLANG_CXX_LIBRARY = "libc++";
				CLANG_ENABLE_MODULES = YES;
				CLANG_ENABLE_OBJC_ARC = YES;
				CLANG_WARN_BOOL_CONVERSION = YES;
				CLANG_WARN_CONSTANT_CONVERSION = YES;
				CLANG_WARN_DIRECT_OBJC_ISA_USAGE = YES_ERROR;
				CLANG_WARN_EMPTY_BODY = YES;
				CLANG_WARN_ENUM_CONVERSION = YES;
				CLANG_WARN_INT_CONVERSION = YES;
				CLANG_WARN_OBJC_ROOT_CLASS = YES_ERROR;
				CLANG_WARN__DUPLICATE_METHOD_MATCH = YES;
				"CODE_SIGN_IDENTITY[sdk=iphoneos*]" = "iPhone Developer";
				COPY_PHASE_STRIP = NO;
				GCC_C_LANGUAGE_STANDARD = gnu99;
				GCC_DYNAMIC_NO_PIC = NO;
				GCC_OPTIMIZATION_LEVEL = 0;
				GCC_PREPROCESSOR_DEFINITIONS = (
					"DEBUG=1",
					"$(inherited)",
				);
				GCC_SYMBOLS_PRIVATE_EXTERN = NO;
				GCC_WARN_64_TO_32_BIT_CONVERSION = YES;
				GCC_WARN_ABOUT_RETURN_TYPE = YES_ERROR;
				GCC_WARN_UNDECLARED_SELECTOR = YES;
				GCC_WARN_UNINITIALIZED_AUTOS = YES;
				GCC_WARN_UNUSED_FUNCTION = YES;
				GCC_WARN_UNUSED_VARIABLE = YES;
				IPHONEOS_DEPLOYMENT_TARGET = 7.0;
				SDKROOT = iphoneos;
				TARGETED_DEVICE_FAMILY = "1,2";
			};
			name = Debug;
		};
		ADE4AD7217FC3C7E0095C19B /* Release */ = {
			isa = XCBuildConfiguration;
			buildSettings = {
				ALWAYS_SEARCH_USER_PATHS = NO;
				CLANG_CXX_LANGUAGE_STANDARD = "gnu++0x";
				CLANG_CXX_LIBRARY = "libc++";
				CLANG_ENABLE_MODULES = YES;
				CLANG_ENABLE_OBJC_ARC = YES;
				CLANG_WARN_BOOL_CONVERSION = YES;
				CLANG_WARN_CONSTANT_CONVERSION = YES;
				CLANG_WARN_DIRECT_OBJC_ISA_USAGE = YES_ERROR;
				CLANG_WARN_EMPTY_BODY = YES;
				CLANG_WARN_ENUM_CONVERSION = YES;
				CLANG_WARN_INT_CONVERSION = YES;
				CLANG_WARN_OBJC_ROOT_CLASS = YES_ERROR;
				CLANG_WARN__DUPLICATE_METHOD_MATCH = YES;
				"CODE_SIGN_IDENTITY[sdk=iphoneos*]" = "iPhone Developer";
				COPY_PHASE_STRIP = YES;
				ENABLE_NS_ASSERTIONS = NO;
				GCC_C_LANGUAGE_STANDARD = gnu99;
				GCC_WARN_64_TO_32_BIT_CONVERSION = YES;
				GCC_WARN_ABOUT_RETURN_TYPE = YES_ERROR;
				GCC_WARN_UNDECLARED_SELECTOR = YES;
				GCC_WARN_UNINITIALIZED_AUTOS = YES;
				GCC_WARN_UNUSED_FUNCTION = YES;
				GCC_WARN_UNUSED_VARIABLE = YES;
				IPHONEOS_DEPLOYMENT_TARGET = 7.0;
				SDKROOT = iphoneos;
				TARGETED_DEVICE_FAMILY = "1,2";
				VALIDATE_PRODUCT = YES;
			};
			name = Release;
		};
		ADE4AD7417FC3C7E0095C19B /* Debug */ = {
			isa = XCBuildConfiguration;
			buildSettings = {
				ASSETCATALOG_COMPILER_APPICON_NAME = AppIcon;
				ASSETCATALOG_COMPILER_LAUNCHIMAGE_NAME = LaunchImage;
				GCC_PRECOMPILE_PREFIX_HEADER = YES;
				GCC_PREFIX_HEADER = "pdf417-interop-sample/pdf417-interop-sample-Prefix.pch";
				INFOPLIST_FILE = "pdf417-interop-sample/pdf417-interop-sample-Info.plist";
				IPHONEOS_DEPLOYMENT_TARGET = 5.0;
				PRODUCT_NAME = "$(TARGET_NAME)";
				VALID_ARCHS = "armv7 armv7s";
				WRAPPER_EXTENSION = app;
			};
			name = Debug;
		};
		ADE4AD7517FC3C7E0095C19B /* Release */ = {
			isa = XCBuildConfiguration;
			buildSettings = {
				ASSETCATALOG_COMPILER_APPICON_NAME = AppIcon;
				ASSETCATALOG_COMPILER_LAUNCHIMAGE_NAME = LaunchImage;
				GCC_PRECOMPILE_PREFIX_HEADER = YES;
				GCC_PREFIX_HEADER = "pdf417-interop-sample/pdf417-interop-sample-Prefix.pch";
				INFOPLIST_FILE = "pdf417-interop-sample/pdf417-interop-sample-Info.plist";
				IPHONEOS_DEPLOYMENT_TARGET = 5.0;
				PRODUCT_NAME = "$(TARGET_NAME)";
				VALID_ARCHS = "armv7 armv7s";
				WRAPPER_EXTENSION = app;
			};
			name = Release;
		};
/* End XCBuildConfiguration section */

/* Begin XCConfigurationList section */
		ADE4AD3917FC3C7E0095C19B /* Build configuration list for PBXProject "pdf417-interop-sample" */ = {
			isa = XCConfigurationList;
			buildConfigurations = (
				ADE4AD7117FC3C7E0095C19B /* Debug */,
				ADE4AD7217FC3C7E0095C19B /* Release */,
			);
			defaultConfigurationIsVisible = 0;
			defaultConfigurationName = Release;
		};
		ADE4AD7317FC3C7E0095C19B /* Build configuration list for PBXNativeTarget "pdf417-interop-sample" */ = {
			isa = XCConfigurationList;
			buildConfigurations = (
				ADE4AD7417FC3C7E0095C19B /* Debug */,
				ADE4AD7517FC3C7E0095C19B /* Release */,
			);
			defaultConfigurationIsVisible = 0;
			defaultConfigurationName = Release;
		};
/* End XCConfigurationList section */
	};
	rootObject = ADE4AD3617FC3C7E0095C19B /* Project object */;
}
